
Microsoft Visual Studio Solution File, Format Version 12.00
# Visual Studio Version 16
VisualStudioVersion = 16.0.30804.86
MinimumVisualStudioVersion = 10.0.40219.1
Project("{9A19103F-16F7-4668-BE54-9A1E7A4F7556}") = "Core", "Core\Core.csproj", "{A45D1A5C-9D5F-4B30-8F42-E2ABCA7FE92B}"
EndProject
Project("{FAE04EC0-301F-11D3-BF4B-00C04F79EFBC}") = "Entities", "Entities\Entities.csproj", "{C6D0189B-4DFD-4D41-92C9-D462ECB037DA}"
EndProject
Project("{FAE04EC0-301F-11D3-BF4B-00C04F79EFBC}") = "DataAccess", "DataAccess\DataAccess.csproj", "{E6CD4969-753C-4783-84BF-C13E8306ABD6}"
EndProject
Project("{FAE04EC0-301F-11D3-BF4B-00C04F79EFBC}") = "Business", "Business\Business.csproj", "{00332B8E-C12B-4AA4-9E43-B0553E2D1497}"
EndProject
Project("{FAE04EC0-301F-11D3-BF4B-00C04F79EFBC}") = "ConsoleUI", "ConsoleUI\ConsoleUI.csproj", "{C0C169E1-621B-48C9-A3D2-77E67B7751D9}"
EndProject
Project("{FAE04EC0-301F-11D3-BF4B-00C04F79EFBC}") = "WinformUI", "WinformUI\WinformUI.csproj", "{A07159A8-7D8A-45C9-B2B0-465048D3EB7F}"
EndProject
Global
	GlobalSection(SolutionConfigurationPlatforms) = preSolution
		Debug|Any CPU = Debug|Any CPU
		Release|Any CPU = Release|Any CPU
	EndGlobalSection
	GlobalSection(ProjectConfigurationPlatforms) = postSolution
		{A45D1A5C-9D5F-4B30-8F42-E2ABCA7FE92B}.Debug|Any CPU.ActiveCfg = Debug|Any CPU
		{A45D1A5C-9D5F-4B30-8F42-E2ABCA7FE92B}.Debug|Any CPU.Build.0 = Debug|Any CPU
		{A45D1A5C-9D5F-4B30-8F42-E2ABCA7FE92B}.Release|Any CPU.ActiveCfg = Release|Any CPU
		{A45D1A5C-9D5F-4B30-8F42-E2ABCA7FE92B}.Release|Any CPU.Build.0 = Release|Any CPU
		{C6D0189B-4DFD-4D41-92C9-D462ECB037DA}.Debug|Any CPU.ActiveCfg = Debug|Any CPU
		{C6D0189B-4DFD-4D41-92C9-D462ECB037DA}.Debug|Any CPU.Build.0 = Debug|Any CPU
		{C6D0189B-4DFD-4D41-92C9-D462ECB037DA}.Release|Any CPU.ActiveCfg = Release|Any CPU
		{C6D0189B-4DFD-4D41-92C9-D462ECB037DA}.Release|Any CPU.Build.0 = Release|Any CPU
		{E6CD4969-753C-4783-84BF-C13E8306ABD6}.Debug|Any CPU.ActiveCfg = Debug|Any CPU
		{E6CD4969-753C-4783-84BF-C13E8306ABD6}.Debug|Any CPU.Build.0 = Debug|Any CPU
		{E6CD4969-753C-4783-84BF-C13E8306ABD6}.Release|Any CPU.ActiveCfg = Release|Any CPU
		{E6CD4969-753C-4783-84BF-C13E8306ABD6}.Release|Any CPU.Build.0 = Release|Any CPU
		{00332B8E-C12B-4AA4-9E43-B0553E2D1497}.Debug|Any CPU.ActiveCfg = Debug|Any CPU
		{00332B8E-C12B-4AA4-9E43-B0553E2D1497}.Debug|Any CPU.Build.0 = Debug|Any CPU
		{00332B8E-C12B-4AA4-9E43-B0553E2D1497}.Release|Any CPU.ActiveCfg = Release|Any CPU
		{00332B8E-C12B-4AA4-9E43-B0553E2D1497}.Release|Any CPU.Build.0 = Release|Any CPU
		{C0C169E1-621B-48C9-A3D2-77E67B7751D9}.Debug|Any CPU.ActiveCfg = Debug|Any CPU
		{C0C169E1-621B-48C9-A3D2-77E67B7751D9}.Debug|Any CPU.Build.0 = Debug|Any CPU
		{C0C169E1-621B-48C9-A3D2-77E67B7751D9}.Release|Any CPU.ActiveCfg = Release|Any CPU
		{C0C169E1-621B-48C9-A3D2-77E67B7751D9}.Release|Any CPU.Build.0 = Release|Any CPU
		{A07159A8-7D8A-45C9-B2B0-465048D3EB7F}.Debug|Any CPU.ActiveCfg = Debug|Any CPU
		{A07159A8-7D8A-45C9-B2B0-465048D3EB7F}.Debug|Any CPU.Build.0 = Debug|Any CPU
		{A07159A8-7D8A-45C9-B2B0-465048D3EB7F}.Release|Any CPU.ActiveCfg = Release|Any CPU
		{A07159A8-7D8A-45C9-B2B0-465048D3EB7F}.Release|Any CPU.Build.0 = Release|Any CPU
	EndGlobalSection
	GlobalSection(SolutionProperties) = preSolution
		HideSolutionNode = FALSE
	EndGlobalSection
	GlobalSection(ExtensibilityGlobals) = postSolution
		SolutionGuid = {9F33DCEC-579C-461F-A802-0951714AB7CA}
	EndGlobalSection
EndGlobal
